schema: '2.0'
stages:
  prepare:
    cmd: python3.13 src/prepare.py data/raw data/prepared
    deps:
    - path: data/raw
      hash: md5
      md5: 648bf1fb9f622256f3f642e3e0927a24.dir
      size: 9260297
      nfiles: 1500
    - path: src/prepare.py
      hash: md5
      md5: ad24fb7c33a1746a143235fee5e341f8
      size: 2571
    - path: src/utils/seed.py
      hash: md5
      md5: 84bc7e147edc38c27702ceff09dc58a0
      size: 405
    params:
      params.yaml:
        prepare:
          seed: 5241
          split: 0.2
          image_size:
          - 32
          - 32
          grayscale: true
          batch_size: 32
    outs:
    - path: data/prepared
      hash: md5
      md5: ff09bec62f9f5dde41d7ab2cae4e4008.dir
      size: 6188057
      nfiles: 8
  train:
    cmd: python3.13 src/train.py data/prepared model
    deps:
    - path: data/prepared
      hash: md5
      md5: ff09bec62f9f5dde41d7ab2cae4e4008.dir
      size: 6188057
      nfiles: 8
    - path: src/train.py
      hash: md5
      md5: 0c5cfdf0a0a3566aed1b8b55633eaeec
      size: 2743
    - path: src/utils/seed.py
      hash: md5
      md5: 84bc7e147edc38c27702ceff09dc58a0
      size: 405
    params:
      params.yaml:
        train:
          seed: 5241
          lr: 0.0001
          epochs: 10
          conv_size: 32
          dense_size: 64
          output_classes: 10
    outs:
    - path: model
      hash: md5
      md5: 5c4a583ed0d3e3d3286938f43096a450.dir
      size: 2501340
      nfiles: 2
  evaluate:
    cmd: python3.13 src/evaluate.py model data/prepared
    deps:
    - path: model
      hash: md5
      md5: 5c4a583ed0d3e3d3286938f43096a450.dir
      size: 2501340
      nfiles: 2
    - path: src/evaluate.py
      hash: md5
      md5: ef6ecf77cbdc1b73712b53c4cccdaec2
      size: 4894
    outs:
    - path: evaluation/metrics.json
      hash: md5
      md5: d3199e8f4a53ff4d1c4b30bbe787c0e5
      size: 159
    - path: evaluation/plots/confusion_matrix.png
      hash: md5
      md5: 5562c6e5be0dc535f5d777804bbb2078
      size: 58097
    - path: evaluation/plots/pred_preview.png
      hash: md5
      md5: 85764b7f292a2aef00ddcc8be22f1f50
      size: 48935
    - path: evaluation/plots/training_history.png
      hash: md5
      md5: ef7f65987135ace7478aceffe367ba42
      size: 39295
